
Microsoft Visual Studio Solution File, Format Version 12.00
# Visual Studio 2013
VisualStudioVersion = 12.0.31101.0
MinimumVisualStudioVersion = 10.0.40219.1
Project("{FAE04EC0-301F-11D3-BF4B-00C04F79EFBC}") = "web_calendar", "web_calendar\web_calendar.csproj", "{357120EE-7388-49DA-B298-B92F6AD21E7B}"
EndProject
Project("{FAE04EC0-301F-11D3-BF4B-00C04F79EFBC}") = "web_calendar.Tests", "web_calendar.Tests\web_calendar.Tests.csproj", "{BBB36BDF-4F64-4B15-9505-F512A5DD637E}"
EndProject
Project("{FAE04EC0-301F-11D3-BF4B-00C04F79EFBC}") = "web_calendar.DAL", "ApplicationRepository\web_calendar.DAL.csproj", "{FCBD6ECA-B3EE-45ED-AE3F-3AB63AB9BD52}"
EndProject
Project("{FAE04EC0-301F-11D3-BF4B-00C04F79EFBC}") = "web_calendar.BL", "Infrastructure\web_calendar.BL.csproj", "{3CDB7BC8-D9E7-4ABB-B084-3A988BFCCDBC}"
EndProject
Project("{FAE04EC0-301F-11D3-BF4B-00C04F79EFBC}") = "webAPI_TestSite", "webAPI_TestSite\webAPI_TestSite.csproj", "{780221C9-0373-4805-B3E4-CEF7B1101051}"
EndProject
Project("{FAE04EC0-301F-11D3-BF4B-00C04F79EFBC}") = "web_calendar.Infrastructure", "web_calendar.Infrastructure\web_calendar.Infrastructure.csproj", "{C8DE1D3F-A850-4CF0-9628-0042AC0C80CF}"
EndProject
Global
	GlobalSection(SolutionConfigurationPlatforms) = preSolution
		Debug|Any CPU = Debug|Any CPU
		Release|Any CPU = Release|Any CPU
	EndGlobalSection
	GlobalSection(ProjectConfigurationPlatforms) = postSolution
		{357120EE-7388-49DA-B298-B92F6AD21E7B}.Debug|Any CPU.ActiveCfg = Debug|Any CPU
		{357120EE-7388-49DA-B298-B92F6AD21E7B}.Debug|Any CPU.Build.0 = Debug|Any CPU
		{357120EE-7388-49DA-B298-B92F6AD21E7B}.Release|Any CPU.ActiveCfg = Release|Any CPU
		{357120EE-7388-49DA-B298-B92F6AD21E7B}.Release|Any CPU.Build.0 = Release|Any CPU
		{BBB36BDF-4F64-4B15-9505-F512A5DD637E}.Debug|Any CPU.ActiveCfg = Debug|Any CPU
		{BBB36BDF-4F64-4B15-9505-F512A5DD637E}.Debug|Any CPU.Build.0 = Debug|Any CPU
		{BBB36BDF-4F64-4B15-9505-F512A5DD637E}.Release|Any CPU.ActiveCfg = Release|Any CPU
		{BBB36BDF-4F64-4B15-9505-F512A5DD637E}.Release|Any CPU.Build.0 = Release|Any CPU
		{FCBD6ECA-B3EE-45ED-AE3F-3AB63AB9BD52}.Debug|Any CPU.ActiveCfg = Debug|Any CPU
		{FCBD6ECA-B3EE-45ED-AE3F-3AB63AB9BD52}.Debug|Any CPU.Build.0 = Debug|Any CPU
		{FCBD6ECA-B3EE-45ED-AE3F-3AB63AB9BD52}.Release|Any CPU.ActiveCfg = Release|Any CPU
		{FCBD6ECA-B3EE-45ED-AE3F-3AB63AB9BD52}.Release|Any CPU.Build.0 = Release|Any CPU
		{3CDB7BC8-D9E7-4ABB-B084-3A988BFCCDBC}.Debug|Any CPU.ActiveCfg = Debug|Any CPU
		{3CDB7BC8-D9E7-4ABB-B084-3A988BFCCDBC}.Debug|Any CPU.Build.0 = Debug|Any CPU
		{3CDB7BC8-D9E7-4ABB-B084-3A988BFCCDBC}.Release|Any CPU.ActiveCfg = Release|Any CPU
		{3CDB7BC8-D9E7-4ABB-B084-3A988BFCCDBC}.Release|Any CPU.Build.0 = Release|Any CPU
		{780221C9-0373-4805-B3E4-CEF7B1101051}.Debug|Any CPU.ActiveCfg = Debug|Any CPU
		{780221C9-0373-4805-B3E4-CEF7B1101051}.Debug|Any CPU.Build.0 = Debug|Any CPU
		{780221C9-0373-4805-B3E4-CEF7B1101051}.Release|Any CPU.ActiveCfg = Release|Any CPU
		{780221C9-0373-4805-B3E4-CEF7B1101051}.Release|Any CPU.Build.0 = Release|Any CPU
		{C8DE1D3F-A850-4CF0-9628-0042AC0C80CF}.Debug|Any CPU.ActiveCfg = Debug|Any CPU
		{C8DE1D3F-A850-4CF0-9628-0042AC0C80CF}.Debug|Any CPU.Build.0 = Debug|Any CPU
		{C8DE1D3F-A850-4CF0-9628-0042AC0C80CF}.Release|Any CPU.ActiveCfg = Release|Any CPU
		{C8DE1D3F-A850-4CF0-9628-0042AC0C80CF}.Release|Any CPU.Build.0 = Release|Any CPU
	EndGlobalSection
	GlobalSection(SolutionProperties) = preSolution
		HideSolutionNode = FALSE
	EndGlobalSection
EndGlobal
